
Microsoft Visual Studio Solution File, Format Version 12.00
# Visual Studio Version 17
VisualStudioVersion = 17.2.32602.215
MinimumVisualStudioVersion = 10.0.40219.1
Project("{FAE04EC0-301F-11D3-BF4B-00C04F79EFBC}") = "FIT5032_MyModelFirst", "FIT5032_MyModelFirst\FIT5032_MyModelFirst.csproj", "{FD45A9B9-0101-4A45-BA9F-78835433C503}"
EndProject
Global
	GlobalSection(SolutionConfigurationPlatforms) = preSolution
		Debug|Any CPU = Debug|Any CPU
		Release|Any CPU = Release|Any CPU
	EndGlobalSection
	GlobalSection(ProjectConfigurationPlatforms) = postSolution
		{FD45A9B9-0101-4A45-BA9F-78835433C503}.Debug|Any CPU.ActiveCfg = Debug|Any CPU
		{FD45A9B9-0101-4A45-BA9F-78835433C503}.Debug|Any CPU.Build.0 = Debug|Any CPU
		{FD45A9B9-0101-4A45-BA9F-78835433C503}.Release|Any CPU.ActiveCfg = Release|Any CPU
		{FD45A9B9-0101-4A45-BA9F-78835433C503}.Release|Any CPU.Build.0 = Release|Any CPU
	EndGlobalSection
	GlobalSection(SolutionProperties) = preSolution
		HideSolutionNode = FALSE
	EndGlobalSection
	GlobalSection(ExtensibilityGlobals) = postSolution
		SolutionGuid = {4DD6393D-F5EB-423C-BEC3-A4F64C576F46}
	EndGlobalSection
EndGlobal
